
Microsoft Visual Studio Solution File, Format Version 12.00
# Visual Studio 14
VisualStudioVersion = 14.0.25123.0
MinimumVisualStudioVersion = 10.0.40219.1
Project("{E60B87E0-2598-44C2-8E2F-CFF512DE6EA0}") = "Sitecore.Support.213473", "Sitecore.Support.213473\Sitecore.Support.213473.csproj", "{7FF1E89E-B2D3-4807-8E13-DA615DD4A1A1}"
EndProject
Global
	GlobalSection(SolutionConfigurationPlatforms) = preSolution
		Debug|Any CPU = Debug|Any CPU
		Release|Any CPU = Release|Any CPU
	EndGlobalSection
	GlobalSection(ProjectConfigurationPlatforms) = postSolution
		{7FF1E89E-B2D3-4807-8E13-DA615DD4A1A1}.Debug|Any CPU.ActiveCfg = Debug|Any CPU
		{7FF1E89E-B2D3-4807-8E13-DA615DD4A1A1}.Debug|Any CPU.Build.0 = Debug|Any CPU
		{7FF1E89E-B2D3-4807-8E13-DA615DD4A1A1}.Release|Any CPU.ActiveCfg = Release|Any CPU
		{7FF1E89E-B2D3-4807-8E13-DA615DD4A1A1}.Release|Any CPU.Build.0 = Release|Any CPU
	EndGlobalSection
	GlobalSection(SolutionProperties) = preSolution
		HideSolutionNode = FALSE
	EndGlobalSection
EndGlobal
